
Microsoft Visual Studio Solution File, Format Version 12.00
# Visual Studio Version 16
VisualStudioVersion = 16.0.30611.23
MinimumVisualStudioVersion = 10.0.40219.1
Project("{FAE04EC0-301F-11D3-BF4B-00C04F79EFBC}") = "FloatTypes", "FloatTypes\FloatTypes.csproj", "{15647C2E-DBCB-4D88-9F52-EC555FAC1911}"
EndProject
Project("{FAE04EC0-301F-11D3-BF4B-00C04F79EFBC}") = "TupleTest", "TupleTest\TupleTest.csproj", "{A62E9800-5D2C-43F6-8B15-B7591DB4C09C}"
EndProject
Project("{FAE04EC0-301F-11D3-BF4B-00C04F79EFBC}") = "ArrayTest", "ArrayTest\ArrayTest.csproj", "{37FF00C1-7EA2-4E1E-9A1D-1A7A5BA789F0}"
EndProject
Project("{FAE04EC0-301F-11D3-BF4B-00C04F79EFBC}") = "MaxMinTest", "MaxMinTest\MaxMinTest.csproj", "{F0B21ABF-98CD-484B-83E9-F2FBF384F691}"
EndProject
Project("{FAE04EC0-301F-11D3-BF4B-00C04F79EFBC}") = "RegressionFactorial", "RegressionFactorial\RegressionFactorial.csproj", "{1907EE0B-13AD-42EA-A74C-06F0A0F1214E}"
EndProject
Project("{FAE04EC0-301F-11D3-BF4B-00C04F79EFBC}") = "CheckingGitHubTest", "CheckingGitHubTest\CheckingGitHubTest.csproj", "{F58A08F3-4DB3-4186-B467-050A7785430E}"
EndProject
Project("{FAE04EC0-301F-11D3-BF4B-00C04F79EFBC}") = "StringTest", "StringTest\StringTest.csproj", "{04E34CB5-5BB6-4667-A6A5-5F6F9E6558FA}"
EndProject
Project("{FAE04EC0-301F-11D3-BF4B-00C04F79EFBC}") = "EnumTest", "EnumTest\EnumTest.csproj", "{D095A281-F8F2-4CB6-8160-42B67E4D52A9}"
EndProject
Project("{FAE04EC0-301F-11D3-BF4B-00C04F79EFBC}") = "GeneralTests", "GeneralTests\GeneralTests.csproj", "{4721E749-63F3-4341-BB34-01A30CF0D41D}"
EndProject
Project("{FAE04EC0-301F-11D3-BF4B-00C04F79EFBC}") = "Inheritance", "Inheritance\Inheritance.csproj", "{0A68A0FC-9DD4-4143-B741-6552044FD1BC}"
EndProject
Project("{FAE04EC0-301F-11D3-BF4B-00C04F79EFBC}") = "Immutables", "Immutables\Immutables.csproj", "{97626C3D-1D4B-46D1-AA16-3F3B861446E8}"
EndProject
Project("{2150E333-8FDC-42A3-9474-1A3956D46DE8}") = "First Tests", "First Tests", "{2056708D-1B92-424A-B42B-37E8EBE17A92}"
EndProject
Project("{FAE04EC0-301F-11D3-BF4B-00C04F79EFBC}") = "Generics", "Generics\Generics.csproj", "{D329F4D8-1B52-4704-A942-A63E18217F7C}"
EndProject
Project("{2150E333-8FDC-42A3-9474-1A3956D46DE8}") = "November09th", "November09th", "{FE606449-776D-47C6-BE65-3C92C0777062}"
EndProject
Project("{FAE04EC0-301F-11D3-BF4B-00C04F79EFBC}") = "Strings", "Strings\Strings.csproj", "{26F24C5F-E396-4593-8E23-E8E294EA64CA}"
EndProject
Project("{FAE04EC0-301F-11D3-BF4B-00C04F79EFBC}") = "ConsoleApp1", "ConsoleApp1\ConsoleApp1.csproj", "{F28C648D-1545-4C15-A5EB-095F8A665261}"
EndProject
Project("{FAE04EC0-301F-11D3-BF4B-00C04F79EFBC}") = "DateTimeExperiments", "DateTimeExperiments\DateTimeExperiments.csproj", "{0342567C-B7AB-4A9D-83DD-60DFE2EA7CC1}"
EndProject
Project("{2150E333-8FDC-42A3-9474-1A3956D46DE8}") = "November10th", "November10th", "{43FB4540-FE4B-4D5C-9013-14AB7212C1B1}"
EndProject
Project("{FAE04EC0-301F-11D3-BF4B-00C04F79EFBC}") = "StringManipulation", "StringManipulation\StringManipulation.csproj", "{07DDA3AC-CCA2-4F07-8464-7AA08A34D878}"
EndProject
Project("{FAE04EC0-301F-11D3-BF4B-00C04F79EFBC}") = "TestingUnit", "TestingUnit\TestingUnit.csproj", "{ACDEA324-FED3-4670-99A0-EC59D05BD3E1}"
EndProject
Project("{FAE04EC0-301F-11D3-BF4B-00C04F79EFBC}") = "PrimeServiceConsole", "PrimeServiceConsole\PrimeServiceConsole.csproj", "{8F33D39C-B284-43D2-AF37-7FBCAB40ABF3}"
EndProject
Project("{2150E333-8FDC-42A3-9474-1A3956D46DE8}") = "November11th", "November11th", "{7C96B2EE-1649-4F4A-BF39-F6B9ABC66EA9}"
EndProject
Project("{FAE04EC0-301F-11D3-BF4B-00C04F79EFBC}") = "SimpleTests", "SimpleTests\SimpleTests.csproj", "{C14EEC8F-CE4B-49C3-A5C6-11F1A79DA9E3}"
EndProject
Project("{2150E333-8FDC-42A3-9474-1A3956D46DE8}") = "November20th", "November20th", "{A3C47CA9-B408-48A0-9662-E06FF3780D34}"
EndProject
Project("{FAE04EC0-301F-11D3-BF4B-00C04F79EFBC}") = "ConnectingToDB", "ConnectingToDB\ConnectingToDB.csproj", "{F92E7D95-1B7D-43F0-9AB9-E06E6BBE37FE}"
EndProject
Project("{FAE04EC0-301F-11D3-BF4B-00C04F79EFBC}") = "DisconnectedDataExample", "DisconnectedDataExample\DisconnectedDataExample.csproj", "{D7949D52-093F-467E-BCA5-EDA76C1D99FC}"
EndProject
Global
	GlobalSection(SolutionConfigurationPlatforms) = preSolution
		Debug|Any CPU = Debug|Any CPU
		Release|Any CPU = Release|Any CPU
	EndGlobalSection
	GlobalSection(ProjectConfigurationPlatforms) = postSolution
		{15647C2E-DBCB-4D88-9F52-EC555FAC1911}.Debug|Any CPU.ActiveCfg = Debug|Any CPU
		{15647C2E-DBCB-4D88-9F52-EC555FAC1911}.Debug|Any CPU.Build.0 = Debug|Any CPU
		{15647C2E-DBCB-4D88-9F52-EC555FAC1911}.Release|Any CPU.ActiveCfg = Release|Any CPU
		{15647C2E-DBCB-4D88-9F52-EC555FAC1911}.Release|Any CPU.Build.0 = Release|Any CPU
		{A62E9800-5D2C-43F6-8B15-B7591DB4C09C}.Debug|Any CPU.ActiveCfg = Debug|Any CPU
		{A62E9800-5D2C-43F6-8B15-B7591DB4C09C}.Debug|Any CPU.Build.0 = Debug|Any CPU
		{A62E9800-5D2C-43F6-8B15-B7591DB4C09C}.Release|Any CPU.ActiveCfg = Release|Any CPU
		{A62E9800-5D2C-43F6-8B15-B7591DB4C09C}.Release|Any CPU.Build.0 = Release|Any CPU
		{37FF00C1-7EA2-4E1E-9A1D-1A7A5BA789F0}.Debug|Any CPU.ActiveCfg = Debug|Any CPU
		{37FF00C1-7EA2-4E1E-9A1D-1A7A5BA789F0}.Debug|Any CPU.Build.0 = Debug|Any CPU
		{37FF00C1-7EA2-4E1E-9A1D-1A7A5BA789F0}.Release|Any CPU.ActiveCfg = Release|Any CPU
		{37FF00C1-7EA2-4E1E-9A1D-1A7A5BA789F0}.Release|Any CPU.Build.0 = Release|Any CPU
		{F0B21ABF-98CD-484B-83E9-F2FBF384F691}.Debug|Any CPU.ActiveCfg = Debug|Any CPU
		{F0B21ABF-98CD-484B-83E9-F2FBF384F691}.Debug|Any CPU.Build.0 = Debug|Any CPU
		{F0B21ABF-98CD-484B-83E9-F2FBF384F691}.Release|Any CPU.ActiveCfg = Release|Any CPU
		{F0B21ABF-98CD-484B-83E9-F2FBF384F691}.Release|Any CPU.Build.0 = Release|Any CPU
		{1907EE0B-13AD-42EA-A74C-06F0A0F1214E}.Debug|Any CPU.ActiveCfg = Debug|Any CPU
		{1907EE0B-13AD-42EA-A74C-06F0A0F1214E}.Debug|Any CPU.Build.0 = Debug|Any CPU
		{1907EE0B-13AD-42EA-A74C-06F0A0F1214E}.Release|Any CPU.ActiveCfg = Release|Any CPU
		{1907EE0B-13AD-42EA-A74C-06F0A0F1214E}.Release|Any CPU.Build.0 = Release|Any CPU
		{F58A08F3-4DB3-4186-B467-050A7785430E}.Debug|Any CPU.ActiveCfg = Debug|Any CPU
		{F58A08F3-4DB3-4186-B467-050A7785430E}.Debug|Any CPU.Build.0 = Debug|Any CPU
		{F58A08F3-4DB3-4186-B467-050A7785430E}.Release|Any CPU.ActiveCfg = Release|Any CPU
		{F58A08F3-4DB3-4186-B467-050A7785430E}.Release|Any CPU.Build.0 = Release|Any CPU
		{04E34CB5-5BB6-4667-A6A5-5F6F9E6558FA}.Debug|Any CPU.ActiveCfg = Debug|Any CPU
		{04E34CB5-5BB6-4667-A6A5-5F6F9E6558FA}.Debug|Any CPU.Build.0 = Debug|Any CPU
		{04E34CB5-5BB6-4667-A6A5-5F6F9E6558FA}.Release|Any CPU.ActiveCfg = Release|Any CPU
		{04E34CB5-5BB6-4667-A6A5-5F6F9E6558FA}.Release|Any CPU.Build.0 = Release|Any CPU
		{D095A281-F8F2-4CB6-8160-42B67E4D52A9}.Debug|Any CPU.ActiveCfg = Debug|Any CPU
		{D095A281-F8F2-4CB6-8160-42B67E4D52A9}.Debug|Any CPU.Build.0 = Debug|Any CPU
		{D095A281-F8F2-4CB6-8160-42B67E4D52A9}.Release|Any CPU.ActiveCfg = Release|Any CPU
		{D095A281-F8F2-4CB6-8160-42B67E4D52A9}.Release|Any CPU.Build.0 = Release|Any CPU
		{4721E749-63F3-4341-BB34-01A30CF0D41D}.Debug|Any CPU.ActiveCfg = Debug|Any CPU
		{4721E749-63F3-4341-BB34-01A30CF0D41D}.Debug|Any CPU.Build.0 = Debug|Any CPU
		{4721E749-63F3-4341-BB34-01A30CF0D41D}.Release|Any CPU.ActiveCfg = Release|Any CPU
		{4721E749-63F3-4341-BB34-01A30CF0D41D}.Release|Any CPU.Build.0 = Release|Any CPU
		{0A68A0FC-9DD4-4143-B741-6552044FD1BC}.Debug|Any CPU.ActiveCfg = Debug|Any CPU
		{0A68A0FC-9DD4-4143-B741-6552044FD1BC}.Debug|Any CPU.Build.0 = Debug|Any CPU
		{0A68A0FC-9DD4-4143-B741-6552044FD1BC}.Release|Any CPU.ActiveCfg = Release|Any CPU
		{0A68A0FC-9DD4-4143-B741-6552044FD1BC}.Release|Any CPU.Build.0 = Release|Any CPU
		{97626C3D-1D4B-46D1-AA16-3F3B861446E8}.Debug|Any CPU.ActiveCfg = Debug|Any CPU
		{97626C3D-1D4B-46D1-AA16-3F3B861446E8}.Debug|Any CPU.Build.0 = Debug|Any CPU
		{97626C3D-1D4B-46D1-AA16-3F3B861446E8}.Release|Any CPU.ActiveCfg = Release|Any CPU
		{97626C3D-1D4B-46D1-AA16-3F3B861446E8}.Release|Any CPU.Build.0 = Release|Any CPU
		{D329F4D8-1B52-4704-A942-A63E18217F7C}.Debug|Any CPU.ActiveCfg = Debug|Any CPU
		{D329F4D8-1B52-4704-A942-A63E18217F7C}.Debug|Any CPU.Build.0 = Debug|Any CPU
		{D329F4D8-1B52-4704-A942-A63E18217F7C}.Release|Any CPU.ActiveCfg = Release|Any CPU
		{D329F4D8-1B52-4704-A942-A63E18217F7C}.Release|Any CPU.Build.0 = Release|Any CPU
		{26F24C5F-E396-4593-8E23-E8E294EA64CA}.Debug|Any CPU.ActiveCfg = Debug|Any CPU
		{26F24C5F-E396-4593-8E23-E8E294EA64CA}.Debug|Any CPU.Build.0 = Debug|Any CPU
		{26F24C5F-E396-4593-8E23-E8E294EA64CA}.Release|Any CPU.ActiveCfg = Release|Any CPU
		{26F24C5F-E396-4593-8E23-E8E294EA64CA}.Release|Any CPU.Build.0 = Release|Any CPU
		{F28C648D-1545-4C15-A5EB-095F8A665261}.Debug|Any CPU.ActiveCfg = Debug|Any CPU
		{F28C648D-1545-4C15-A5EB-095F8A665261}.Debug|Any CPU.Build.0 = Debug|Any CPU
		{F28C648D-1545-4C15-A5EB-095F8A665261}.Release|Any CPU.ActiveCfg = Release|Any CPU
		{F28C648D-1545-4C15-A5EB-095F8A665261}.Release|Any CPU.Build.0 = Release|Any CPU
		{0342567C-B7AB-4A9D-83DD-60DFE2EA7CC1}.Debug|Any CPU.ActiveCfg = Debug|Any CPU
		{0342567C-B7AB-4A9D-83DD-60DFE2EA7CC1}.Debug|Any CPU.Build.0 = Debug|Any CPU
		{0342567C-B7AB-4A9D-83DD-60DFE2EA7CC1}.Release|Any CPU.ActiveCfg = Release|Any CPU
		{0342567C-B7AB-4A9D-83DD-60DFE2EA7CC1}.Release|Any CPU.Build.0 = Release|Any CPU
		{07DDA3AC-CCA2-4F07-8464-7AA08A34D878}.Debug|Any CPU.ActiveCfg = Debug|Any CPU
		{07DDA3AC-CCA2-4F07-8464-7AA08A34D878}.Debug|Any CPU.Build.0 = Debug|Any CPU
		{07DDA3AC-CCA2-4F07-8464-7AA08A34D878}.Release|Any CPU.ActiveCfg = Release|Any CPU
		{07DDA3AC-CCA2-4F07-8464-7AA08A34D878}.Release|Any CPU.Build.0 = Release|Any CPU
		{ACDEA324-FED3-4670-99A0-EC59D05BD3E1}.Debug|Any CPU.ActiveCfg = Debug|Any CPU
		{ACDEA324-FED3-4670-99A0-EC59D05BD3E1}.Debug|Any CPU.Build.0 = Debug|Any CPU
		{ACDEA324-FED3-4670-99A0-EC59D05BD3E1}.Release|Any CPU.ActiveCfg = Release|Any CPU
		{ACDEA324-FED3-4670-99A0-EC59D05BD3E1}.Release|Any CPU.Build.0 = Release|Any CPU
		{8F33D39C-B284-43D2-AF37-7FBCAB40ABF3}.Debug|Any CPU.ActiveCfg = Debug|Any CPU
		{8F33D39C-B284-43D2-AF37-7FBCAB40ABF3}.Debug|Any CPU.Build.0 = Debug|Any CPU
		{8F33D39C-B284-43D2-AF37-7FBCAB40ABF3}.Release|Any CPU.ActiveCfg = Release|Any CPU
		{8F33D39C-B284-43D2-AF37-7FBCAB40ABF3}.Release|Any CPU.Build.0 = Release|Any CPU
		{C14EEC8F-CE4B-49C3-A5C6-11F1A79DA9E3}.Debug|Any CPU.ActiveCfg = Debug|Any CPU
		{C14EEC8F-CE4B-49C3-A5C6-11F1A79DA9E3}.Debug|Any CPU.Build.0 = Debug|Any CPU
		{C14EEC8F-CE4B-49C3-A5C6-11F1A79DA9E3}.Release|Any CPU.ActiveCfg = Release|Any CPU
		{C14EEC8F-CE4B-49C3-A5C6-11F1A79DA9E3}.Release|Any CPU.Build.0 = Release|Any CPU
		{F92E7D95-1B7D-43F0-9AB9-E06E6BBE37FE}.Debug|Any CPU.ActiveCfg = Debug|Any CPU
		{F92E7D95-1B7D-43F0-9AB9-E06E6BBE37FE}.Debug|Any CPU.Build.0 = Debug|Any CPU
		{F92E7D95-1B7D-43F0-9AB9-E06E6BBE37FE}.Release|Any CPU.ActiveCfg = Release|Any CPU
		{F92E7D95-1B7D-43F0-9AB9-E06E6BBE37FE}.Release|Any CPU.Build.0 = Release|Any CPU
		{D7949D52-093F-467E-BCA5-EDA76C1D99FC}.Debug|Any CPU.ActiveCfg = Debug|Any CPU
		{D7949D52-093F-467E-BCA5-EDA76C1D99FC}.Debug|Any CPU.Build.0 = Debug|Any CPU
		{D7949D52-093F-467E-BCA5-EDA76C1D99FC}.Release|Any CPU.ActiveCfg = Release|Any CPU
		{D7949D52-093F-467E-BCA5-EDA76C1D99FC}.Release|Any CPU.Build.0 = Release|Any CPU
	EndGlobalSection
	GlobalSection(SolutionProperties) = preSolution
		HideSolutionNode = FALSE
	EndGlobalSection
	GlobalSection(NestedProjects) = preSolution
		{15647C2E-DBCB-4D88-9F52-EC555FAC1911} = {2056708D-1B92-424A-B42B-37E8EBE17A92}
		{A62E9800-5D2C-43F6-8B15-B7591DB4C09C} = {2056708D-1B92-424A-B42B-37E8EBE17A92}
		{37FF00C1-7EA2-4E1E-9A1D-1A7A5BA789F0} = {2056708D-1B92-424A-B42B-37E8EBE17A92}
		{F0B21ABF-98CD-484B-83E9-F2FBF384F691} = {2056708D-1B92-424A-B42B-37E8EBE17A92}
		{1907EE0B-13AD-42EA-A74C-06F0A0F1214E} = {2056708D-1B92-424A-B42B-37E8EBE17A92}
		{F58A08F3-4DB3-4186-B467-050A7785430E} = {2056708D-1B92-424A-B42B-37E8EBE17A92}
		{04E34CB5-5BB6-4667-A6A5-5F6F9E6558FA} = {2056708D-1B92-424A-B42B-37E8EBE17A92}
		{D095A281-F8F2-4CB6-8160-42B67E4D52A9} = {2056708D-1B92-424A-B42B-37E8EBE17A92}
		{4721E749-63F3-4341-BB34-01A30CF0D41D} = {2056708D-1B92-424A-B42B-37E8EBE17A92}
		{0A68A0FC-9DD4-4143-B741-6552044FD1BC} = {2056708D-1B92-424A-B42B-37E8EBE17A92}
		{97626C3D-1D4B-46D1-AA16-3F3B861446E8} = {2056708D-1B92-424A-B42B-37E8EBE17A92}
		{D329F4D8-1B52-4704-A942-A63E18217F7C} = {2056708D-1B92-424A-B42B-37E8EBE17A92}
		{26F24C5F-E396-4593-8E23-E8E294EA64CA} = {FE606449-776D-47C6-BE65-3C92C0777062}
		{F28C648D-1545-4C15-A5EB-095F8A665261} = {FE606449-776D-47C6-BE65-3C92C0777062}
		{0342567C-B7AB-4A9D-83DD-60DFE2EA7CC1} = {FE606449-776D-47C6-BE65-3C92C0777062}
		{07DDA3AC-CCA2-4F07-8464-7AA08A34D878} = {43FB4540-FE4B-4D5C-9013-14AB7212C1B1}
		{ACDEA324-FED3-4670-99A0-EC59D05BD3E1} = {43FB4540-FE4B-4D5C-9013-14AB7212C1B1}
		{8F33D39C-B284-43D2-AF37-7FBCAB40ABF3} = {43FB4540-FE4B-4D5C-9013-14AB7212C1B1}
		{C14EEC8F-CE4B-49C3-A5C6-11F1A79DA9E3} = {7C96B2EE-1649-4F4A-BF39-F6B9ABC66EA9}
		{F92E7D95-1B7D-43F0-9AB9-E06E6BBE37FE} = {A3C47CA9-B408-48A0-9662-E06FF3780D34}
		{D7949D52-093F-467E-BCA5-EDA76C1D99FC} = {A3C47CA9-B408-48A0-9662-E06FF3780D34}
	EndGlobalSection
	GlobalSection(ExtensibilityGlobals) = postSolution
		SolutionGuid = {DE8FA038-98B2-46C3-A11C-653086BA3B7E}
	EndGlobalSection
EndGlobal
